
Microsoft Visual Studio Solution File, Format Version 12.00
# Visual Studio Version 17
VisualStudioVersion = 17.1.32414.318
MinimumVisualStudioVersion = 10.0.40219.1
Project("{FAE04EC0-301F-11D3-BF4B-00C04F79EFBC}") = "verifyPlatform", "verifyPlatform.csproj", "{3BD2CD42-0292-44B6-9510-6F8628FE70DC}"
EndProject
Global
	GlobalSection(SolutionConfigurationPlatforms) = preSolution
		Debug|Any CPU = Debug|Any CPU
		Release|Any CPU = Release|Any CPU
	EndGlobalSection
	GlobalSection(ProjectConfigurationPlatforms) = postSolution
		{3BD2CD42-0292-44B6-9510-6F8628FE70DC}.Debug|Any CPU.ActiveCfg = Debug|Any CPU
		{3BD2CD42-0292-44B6-9510-6F8628FE70DC}.Debug|Any CPU.Build.0 = Debug|Any CPU
		{3BD2CD42-0292-44B6-9510-6F8628FE70DC}.Release|Any CPU.ActiveCfg = Release|Any CPU
		{3BD2CD42-0292-44B6-9510-6F8628FE70DC}.Release|Any CPU.Build.0 = Release|Any CPU
	EndGlobalSection
	GlobalSection(SolutionProperties) = preSolution
		HideSolutionNode = FALSE
	EndGlobalSection
	GlobalSection(ExtensibilityGlobals) = postSolution
		SolutionGuid = {23170B29-3A37-4567-AA58-BE9A9F996381}
	EndGlobalSection
EndGlobal
